// !$*UTF8*$!
{
	archiveVersion = 1;
	classes = {
	};
	objectVersion = 56;
	objects = {

/* Begin PBXBuildFile section */
		4CAEEF2E29BB2CEF00C5E2F7 /* HomeVC.swift in Sources */ = {isa = PBXBuildFile; fileRef = 4CAEEF2D29BB2CEF00C5E2F7 /* HomeVC.swift */; };
		4CAEEF3229BB643600C5E2F7 /* FollowVC.swift in Sources */ = {isa = PBXBuildFile; fileRef = 4CAEEF3129BB643600C5E2F7 /* FollowVC.swift */; };
		4CAEEF3429BB647200C5E2F7 /* DiscoveryVC.swift in Sources */ = {isa = PBXBuildFile; fileRef = 4CAEEF3329BB647200C5E2F7 /* DiscoveryVC.swift */; };
		4CAEEF3629BB64B600C5E2F7 /* NearByVC.swift in Sources */ = {isa = PBXBuildFile; fileRef = 4CAEEF3529BB64B600C5E2F7 /* NearByVC.swift */; };
		4CAEEF3829BB695500C5E2F7 /* Constants.swift in Sources */ = {isa = PBXBuildFile; fileRef = 4CAEEF3729BB695500C5E2F7 /* Constants.swift */; };
		4CBD91E529BF5FD000029895 /* WaterfallCell.swift in Sources */ = {isa = PBXBuildFile; fileRef = 4CBD91E429BF5FD000029895 /* WaterfallCell.swift */; };
		4CEA9C3729B2FC7B006FABA3 /* AppDelegate.swift in Sources */ = {isa = PBXBuildFile; fileRef = 4CEA9C3629B2FC7B006FABA3 /* AppDelegate.swift */; };
		4CEA9C3929B2FC7B006FABA3 /* SceneDelegate.swift in Sources */ = {isa = PBXBuildFile; fileRef = 4CEA9C3829B2FC7B006FABA3 /* SceneDelegate.swift */; };
		4CEA9C3E29B2FC7B006FABA3 /* Main.storyboard in Resources */ = {isa = PBXBuildFile; fileRef = 4CEA9C3C29B2FC7B006FABA3 /* Main.storyboard */; };
		4CEA9C4129B2FC7B006FABA3 /* LittlePink.xcdatamodeld in Sources */ = {isa = PBXBuildFile; fileRef = 4CEA9C3F29B2FC7B006FABA3 /* LittlePink.xcdatamodeld */; };
		4CEA9C4329B2FC7D006FABA3 /* Assets.xcassets in Resources */ = {isa = PBXBuildFile; fileRef = 4CEA9C4229B2FC7D006FABA3 /* Assets.xcassets */; };
		4CEA9C4629B2FC7D006FABA3 /* LaunchScreen.storyboard in Resources */ = {isa = PBXBuildFile; fileRef = 4CEA9C4429B2FC7D006FABA3 /* LaunchScreen.storyboard */; };
		4CEA9C4E29B2FD08006FABA3 /* .gitignore in Resources */ = {isa = PBXBuildFile; fileRef = 4CEA9C4D29B2FD08006FABA3 /* .gitignore */; };
		4CEFD10D29BF231500DE0D60 /* WaterfallVC.swift in Sources */ = {isa = PBXBuildFile; fileRef = 4CEFD10C29BF231500DE0D60 /* WaterfallVC.swift */; };
		62D3C2F5B1D3C7BF8EE28278 /* Pods_LittlePink.framework in Frameworks */ = {isa = PBXBuildFile; fileRef = 741A4E7B2B6DA0FB07FBE449 /* Pods_LittlePink.framework */; };
/* End PBXBuildFile section */

/* Begin PBXFileReference section */
		4CAEEF2D29BB2CEF00C5E2F7 /* HomeVC.swift */ = {isa = PBXFileReference; lastKnownFileType = sourcecode.swift; path = HomeVC.swift; sourceTree = "<group>"; };
		4CAEEF3129BB643600C5E2F7 /* FollowVC.swift */ = {isa = PBXFileReference; lastKnownFileType = sourcecode.swift; path = FollowVC.swift; sourceTree = "<group>"; };
		4CAEEF3329BB647200C5E2F7 /* DiscoveryVC.swift */ = {isa = PBXFileReference; lastKnownFileType = sourcecode.swift; path = DiscoveryVC.swift; sourceTree = "<group>"; };
		4CAEEF3529BB64B600C5E2F7 /* NearByVC.swift */ = {isa = PBXFileReference; lastKnownFileType = sourcecode.swift; path = NearByVC.swift; sourceTree = "<group>"; };
		4CAEEF3729BB695500C5E2F7 /* Constants.swift */ = {isa = PBXFileReference; lastKnownFileType = sourcecode.swift; path = Constants.swift; sourceTree = "<group>"; };
		4CBD91E429BF5FD000029895 /* WaterfallCell.swift */ = {isa = PBXFileReference; lastKnownFileType = sourcecode.swift; path = WaterfallCell.swift; sourceTree = "<group>"; };
		4CEA9C3329B2FC7B006FABA3 /* LittlePink.app */ = {isa = PBXFileReference; explicitFileType = wrapper.application; includeInIndex = 0; path = LittlePink.app; sourceTree = BUILT_PRODUCTS_DIR; };
		4CEA9C3629B2FC7B006FABA3 /* AppDelegate.swift */ = {isa = PBXFileReference; lastKnownFileType = sourcecode.swift; path = AppDelegate.swift; sourceTree = "<group>"; };
		4CEA9C3829B2FC7B006FABA3 /* SceneDelegate.swift */ = {isa = PBXFileReference; lastKnownFileType = sourcecode.swift; path = SceneDelegate.swift; sourceTree = "<group>"; };
		4CEA9C3D29B2FC7B006FABA3 /* Base */ = {isa = PBXFileReference; lastKnownFileType = file.storyboard; name = Base; path = Base.lproj/Main.storyboard; sourceTree = "<group>"; };
		4CEA9C4029B2FC7B006FABA3 /* LittlePink.xcdatamodel */ = {isa = PBXFileReference; lastKnownFileType = wrapper.xcdatamodel; path = LittlePink.xcdatamodel; sourceTree = "<group>"; };
		4CEA9C4229B2FC7D006FABA3 /* Assets.xcassets */ = {isa = PBXFileReference; lastKnownFileType = folder.assetcatalog; path = Assets.xcassets; sourceTree = "<group>"; };
		4CEA9C4529B2FC7D006FABA3 /* Base */ = {isa = PBXFileReference; lastKnownFileType = file.storyboard; name = Base; path = Base.lproj/LaunchScreen.storyboard; sourceTree = "<group>"; };
		4CEA9C4729B2FC7D006FABA3 /* Info.plist */ = {isa = PBXFileReference; lastKnownFileType = text.plist.xml; path = Info.plist; sourceTree = "<group>"; };
		4CEA9C4D29B2FD08006FABA3 /* .gitignore */ = {isa = PBXFileReference; fileEncoding = 4; lastKnownFileType = text; path = .gitignore; sourceTree = "<group>"; };
		4CEFD10C29BF231500DE0D60 /* WaterfallVC.swift */ = {isa = PBXFileReference; lastKnownFileType = sourcecode.swift; path = WaterfallVC.swift; sourceTree = "<group>"; };
		741A4E7B2B6DA0FB07FBE449 /* Pods_LittlePink.framework */ = {isa = PBXFileReference; explicitFileType = wrapper.framework; includeInIndex = 0; path = Pods_LittlePink.framework; sourceTree = BUILT_PRODUCTS_DIR; };
		84DB6E2824973BC175977666 /* Pods-LittlePink.release.xcconfig */ = {isa = PBXFileReference; includeInIndex = 1; lastKnownFileType = text.xcconfig; name = "Pods-LittlePink.release.xcconfig"; path = "Target Support Files/Pods-LittlePink/Pods-LittlePink.release.xcconfig"; sourceTree = "<group>"; };
		A2CC0B22267EDB8AF6556280 /* Pods-LittlePink.debug.xcconfig */ = {isa = PBXFileReference; includeInIndex = 1; lastKnownFileType = text.xcconfig; name = "Pods-LittlePink.debug.xcconfig"; path = "Target Support Files/Pods-LittlePink/Pods-LittlePink.debug.xcconfig"; sourceTree = "<group>"; };
/* End PBXFileReference section */

/* Begin PBXFrameworksBuildPhase section */
		4CEA9C3029B2FC7B006FABA3 /* Frameworks */ = {
			isa = PBXFrameworksBuildPhase;
			buildActionMask = 2147483647;
			files = (
				62D3C2F5B1D3C7BF8EE28278 /* Pods_LittlePink.framework in Frameworks */,
			);
			runOnlyForDeploymentPostprocessing = 0;
		};
/* End PBXFrameworksBuildPhase section */

/* Begin PBXGroup section */
		0B6CE16D4D0A44260CA8B4F3 /* Frameworks */ = {
			isa = PBXGroup;
			children = (
				741A4E7B2B6DA0FB07FBE449 /* Pods_LittlePink.framework */,
			);
			name = Frameworks;
			sourceTree = "<group>";
		};
		4C433DB129BC8E38001FCBAA /* Home */ = {
			isa = PBXGroup;
			children = (
				4CAEEF2D29BB2CEF00C5E2F7 /* HomeVC.swift */,
				4CAEEF3329BB647200C5E2F7 /* DiscoveryVC.swift */,
				4CAEEF3129BB643600C5E2F7 /* FollowVC.swift */,
				4CAEEF3529BB64B600C5E2F7 /* NearByVC.swift */,
			);
			path = Home;
			sourceTree = "<group>";
		};
		4CEA9C2A29B2FC7B006FABA3 = {
			isa = PBXGroup;
			children = (
				4CEA9C4D29B2FD08006FABA3 /* .gitignore */,
				4CEA9C3529B2FC7B006FABA3 /* LittlePink */,
				4CEA9C3429B2FC7B006FABA3 /* Products */,
				99BF8F135ED28C15CBB9B549 /* Pods */,
				0B6CE16D4D0A44260CA8B4F3 /* Frameworks */,
			);
			sourceTree = "<group>";
		};
		4CEA9C3429B2FC7B006FABA3 /* Products */ = {
			isa = PBXGroup;
			children = (
				4CEA9C3329B2FC7B006FABA3 /* LittlePink.app */,
			);
			name = Products;
			sourceTree = "<group>";
		};
		4CEA9C3529B2FC7B006FABA3 /* LittlePink */ = {
			isa = PBXGroup;
			children = (
				4CEA9C3629B2FC7B006FABA3 /* AppDelegate.swift */,
				4CEA9C3829B2FC7B006FABA3 /* SceneDelegate.swift */,
				4CEFD10C29BF231500DE0D60 /* WaterfallVC.swift */,
				4CBD91E429BF5FD000029895 /* WaterfallCell.swift */,
				4C433DB129BC8E38001FCBAA /* Home */,
				4CEA9C3C29B2FC7B006FABA3 /* Main.storyboard */,
				4CAEEF3729BB695500C5E2F7 /* Constants.swift */,
				4CEA9C4229B2FC7D006FABA3 /* Assets.xcassets */,
				4CEA9C4429B2FC7D006FABA3 /* LaunchScreen.storyboard */,
				4CEA9C4729B2FC7D006FABA3 /* Info.plist */,
				4CEA9C3F29B2FC7B006FABA3 /* LittlePink.xcdatamodeld */,
			);
			path = LittlePink;
			sourceTree = "<group>";
		};
		99BF8F135ED28C15CBB9B549 /* Pods */ = {
			isa = PBXGroup;
			children = (
				A2CC0B22267EDB8AF6556280 /* Pods-LittlePink.debug.xcconfig */,
				84DB6E2824973BC175977666 /* Pods-LittlePink.release.xcconfig */,
			);
			path = Pods;
			sourceTree = "<group>";
		};
/* End PBXGroup section */

/* Begin PBXNativeTarget section */
		4CEA9C3229B2FC7B006FABA3 /* LittlePink */ = {
			isa = PBXNativeTarget;
			buildConfigurationList = 4CEA9C4A29B2FC7D006FABA3 /* Build configuration list for PBXNativeTarget "LittlePink" */;
			buildPhases = (
				D15ABED8E7933769BAB70867 /* [CP] Check Pods Manifest.lock */,
				4CEA9C2F29B2FC7B006FABA3 /* Sources */,
				4CEA9C3029B2FC7B006FABA3 /* Frameworks */,
				4CEA9C3129B2FC7B006FABA3 /* Resources */,
				470FDF81CA5A83F63D0651B5 /* [CP] Embed Pods Frameworks */,
			);
			buildRules = (
			);
			dependencies = (
			);
			name = LittlePink;
			productName = LittlePink;
			productReference = 4CEA9C3329B2FC7B006FABA3 /* LittlePink.app */;
			productType = "com.apple.product-type.application";
		};
/* End PBXNativeTarget section */

/* Begin PBXProject section */
		4CEA9C2B29B2FC7B006FABA3 /* Project object */ = {
			isa = PBXProject;
			attributes = {
				BuildIndependentTargetsInParallel = 1;
				CLASSPREFIX = "[";
				LastSwiftUpdateCheck = 1420;
				LastUpgradeCheck = 1420;
				TargetAttributes = {
					4CEA9C3229B2FC7B006FABA3 = {
						CreatedOnToolsVersion = 14.2;
					};
				};
			};
			buildConfigurationList = 4CEA9C2E29B2FC7B006FABA3 /* Build configuration list for PBXProject "LittlePink" */;
			compatibilityVersion = "Xcode 14.0";
			developmentRegion = en;
			hasScannedForEncodings = 0;
			knownRegions = (
				en,
				Base,
			);
			mainGroup = 4CEA9C2A29B2FC7B006FABA3;
			productRefGroup = 4CEA9C3429B2FC7B006FABA3 /* Products */;
			projectDirPath = "";
			projectRoot = "";
			targets = (
				4CEA9C3229B2FC7B006FABA3 /* LittlePink */,
			);
		};
/* End PBXProject section */

/* Begin PBXResourcesBuildPhase section */
		4CEA9C3129B2FC7B006FABA3 /* Resources */ = {
			isa = PBXResourcesBuildPhase;
			buildActionMask = 2147483647;
			files = (
				4CEA9C4E29B2FD08006FABA3 /* .gitignore in Resources */,
				4CEA9C4629B2FC7D006FABA3 /* LaunchScreen.storyboard in Resources */,
				4CEA9C4329B2FC7D006FABA3 /* Assets.xcassets in Resources */,
				4CEA9C3E29B2FC7B006FABA3 /* Main.storyboard in Resources */,
			);
			runOnlyForDeploymentPostprocessing = 0;
		};
/* End PBXResourcesBuildPhase section */

/* Begin PBXShellScriptBuildPhase section */
		470FDF81CA5A83F63D0651B5 /* [CP] Embed Pods Frameworks */ = {
			isa = PBXShellScriptBuildPhase;
			buildActionMask = 2147483647;
			files = (
			);
			inputFileListPaths = (
				"${PODS_ROOT}/Target Support Files/Pods-LittlePink/Pods-LittlePink-frameworks-${CONFIGURATION}-input-files.xcfilelist",
			);
			name = "[CP] Embed Pods Frameworks";
			outputFileListPaths = (
				"${PODS_ROOT}/Target Support Files/Pods-LittlePink/Pods-LittlePink-frameworks-${CONFIGURATION}-output-files.xcfilelist",
			);
			runOnlyForDeploymentPostprocessing = 0;
			shellPath = /bin/sh;
			shellScript = "\"${PODS_ROOT}/Target Support Files/Pods-LittlePink/Pods-LittlePink-frameworks.sh\"\n";
			showEnvVarsInLog = 0;
		};
		D15ABED8E7933769BAB70867 /* [CP] Check Pods Manifest.lock */ = {
			isa = PBXShellScriptBuildPhase;
			buildActionMask = 2147483647;
			files = (
			);
			inputFileListPaths = (
			);
			inputPaths = (
				"${PODS_PODFILE_DIR_PATH}/Podfile.lock",
				"${PODS_ROOT}/Manifest.lock",
			);
			name = "[CP] Check Pods Manifest.lock";
			outputFileListPaths = (
			);
			outputPaths = (
				"$(DERIVED_FILE_DIR)/Pods-LittlePink-checkManifestLockResult.txt",
			);
			runOnlyForDeploymentPostprocessing = 0;
			shellPath = /bin/sh;
			shellScript = "diff \"${PODS_PODFILE_DIR_PATH}/Podfile.lock\" \"${PODS_ROOT}/Manifest.lock\" > /dev/null\nif [ $? != 0 ] ; then\n    # print error to STDERR\n    echo \"error: The sandbox is not in sync with the Podfile.lock. Run 'pod install' or update your CocoaPods installation.\" >&2\n    exit 1\nfi\n# This output is used by Xcode 'outputs' to avoid re-running this script phase.\necho \"SUCCESS\" > \"${SCRIPT_OUTPUT_FILE_0}\"\n";
			showEnvVarsInLog = 0;
		};
/* End PBXShellScriptBuildPhase section */

/* Begin PBXSourcesBuildPhase section */
		4CEA9C2F29B2FC7B006FABA3 /* Sources */ = {
			isa = PBXSourcesBuildPhase;
			buildActionMask = 2147483647;
			files = (
				4CAEEF3629BB64B600C5E2F7 /* NearByVC.swift in Sources */,
				4CEFD10D29BF231500DE0D60 /* WaterfallVC.swift in Sources */,
				4CEA9C3729B2FC7B006FABA3 /* AppDelegate.swift in Sources */,
				4CAEEF2E29BB2CEF00C5E2F7 /* HomeVC.swift in Sources */,
				4CAEEF3229BB643600C5E2F7 /* FollowVC.swift in Sources */,
				4CEA9C3929B2FC7B006FABA3 /* SceneDelegate.swift in Sources */,
				4CEA9C4129B2FC7B006FABA3 /* LittlePink.xcdatamodeld in Sources */,
				4CAEEF3429BB647200C5E2F7 /* DiscoveryVC.swift in Sources */,
				4CAEEF3829BB695500C5E2F7 /* Constants.swift in Sources */,
				4CBD91E529BF5FD000029895 /* WaterfallCell.swift in Sources */,
			);
			runOnlyForDeploymentPostprocessing = 0;
		};
/* End PBXSourcesBuildPhase section */

/* Begin PBXVariantGroup section */
		4CEA9C3C29B2FC7B006FABA3 /* Main.storyboard */ = {
			isa = PBXVariantGroup;
			children = (
				4CEA9C3D29B2FC7B006FABA3 /* Base */,
			);
			name = Main.storyboard;
			sourceTree = "<group>";
		};
		4CEA9C4429B2FC7D006FABA3 /* LaunchScreen.storyboard */ = {
			isa = PBXVariantGroup;
			children = (
				4CEA9C4529B2FC7D006FABA3 /* Base */,
			);
			name = LaunchScreen.storyboard;
			sourceTree = "<group>";
		};
/* End PBXVariantGroup section */

/* Begin XCBuildConfiguration section */
		4CEA9C4829B2FC7D006FABA3 /* Debug */ = {
			isa = XCBuildConfiguration;
			buildSettings = {
				ALWAYS_SEARCH_USER_PATHS = NO;
				CLANG_ANALYZER_NONNULL = YES;
				CLANG_ANALYZER_NUMBER_OBJECT_CONVERSION = YES_AGGRESSIVE;
				CLANG_CXX_LANGUAGE_STANDARD = "gnu++20";
				CLANG_ENABLE_MODULES = YES;
				CLANG_ENABLE_OBJC_ARC = YES;
				CLANG_ENABLE_OBJC_WEAK = YES;
				CLANG_WARN_BLOCK_CAPTURE_AUTORELEASING = YES;
				CLANG_WARN_BOOL_CONVERSION = YES;
				CLANG_WARN_COMMA = YES;
				CLANG_WARN_CONSTANT_CONVERSION = YES;
				CLANG_WARN_DEPRECATED_OBJC_IMPLEMENTATIONS = YES;
				CLANG_WARN_DIRECT_OBJC_ISA_USAGE = YES_ERROR;
				CLANG_WARN_DOCUMENTATION_COMMENTS = YES;
				CLANG_WARN_EMPTY_BODY = YES;
				CLANG_WARN_ENUM_CONVERSION = YES;
				CLANG_WARN_INFINITE_RECURSION = YES;
				CLANG_WARN_INT_CONVERSION = YES;
				CLANG_WARN_NON_LITERAL_NULL_CONVERSION = YES;
				CLANG_WARN_OBJC_IMPLICIT_RETAIN_SELF = YES;
				CLANG_WARN_OBJC_LITERAL_CONVERSION = YES;
				CLANG_WARN_OBJC_ROOT_CLASS = YES_ERROR;
				CLANG_WARN_QUOTED_INCLUDE_IN_FRAMEWORK_HEADER = YES;
				CLANG_WARN_RANGE_LOOP_ANALYSIS = YES;
				CLANG_WARN_STRICT_PROTOTYPES = YES;
				CLANG_WARN_SUSPICIOUS_MOVE = YES;
				CLANG_WARN_UNGUARDED_AVAILABILITY = YES_AGGRESSIVE;
				CLANG_WARN_UNREACHABLE_CODE = YES;
				CLANG_WARN__DUPLICATE_METHOD_MATCH = YES;
				COPY_PHASE_STRIP = NO;
				DEBUG_INFORMATION_FORMAT = dwarf;
				ENABLE_STRICT_OBJC_MSGSEND = YES;
				ENABLE_TESTABILITY = YES;
				GCC_C_LANGUAGE_STANDARD = gnu11;
				GCC_DYNAMIC_NO_PIC = NO;
				GCC_NO_COMMON_BLOCKS = YES;
				GCC_OPTIMIZATION_LEVEL = 0;
				GCC_PREPROCESSOR_DEFINITIONS = (
					"DEBUG=1",
					"$(inherited)",
				);
				GCC_WARN_64_TO_32_BIT_CONVERSION = YES;
				GCC_WARN_ABOUT_RETURN_TYPE = YES_ERROR;
				GCC_WARN_UNDECLARED_SELECTOR = YES;
				GCC_WARN_UNINITIALIZED_AUTOS = YES_AGGRESSIVE;
				GCC_WARN_UNUSED_FUNCTION = YES;
				GCC_WARN_UNUSED_VARIABLE = YES;
				IPHONEOS_DEPLOYMENT_TARGET = 16.2;
				MTL_ENABLE_DEBUG_INFO = INCLUDE_SOURCE;
				MTL_FAST_MATH = YES;
				ONLY_ACTIVE_ARCH = YES;
				SDKROOT = iphoneos;
				SWIFT_ACTIVE_COMPILATION_CONDITIONS = DEBUG;
				SWIFT_OPTIMIZATION_LEVEL = "-Onone";
			};
			name = Debug;
		};
		4CEA9C4929B2FC7D006FABA3 /* Release */ = {
			isa = XCBuildConfiguration;
			buildSettings = {
				ALWAYS_SEARCH_USER_PATHS = NO;
				CLANG_ANALYZER_NONNULL = YES;
				CLANG_ANALYZER_NUMBER_OBJECT_CONVERSION = YES_AGGRESSIVE;
				CLANG_CXX_LANGUAGE_STANDARD = "gnu++20";
				CLANG_ENABLE_MODULES = YES;
				CLANG_ENABLE_OBJC_ARC = YES;
				CLANG_ENABLE_OBJC_WEAK = YES;
				CLANG_WARN_BLOCK_CAPTURE_AUTORELEASING = YES;
				CLANG_WARN_BOOL_CONVERSION = YES;
				CLANG_WARN_COMMA = YES;
				CLANG_WARN_CONSTANT_CONVERSION = YES;
				CLANG_WARN_DEPRECATED_OBJC_IMPLEMENTATIONS = YES;
				CLANG_WARN_DIRECT_OBJC_ISA_USAGE = YES_ERROR;
				CLANG_WARN_DOCUMENTATION_COMMENTS = YES;
				CLANG_WARN_EMPTY_BODY = YES;
				CLANG_WARN_ENUM_CONVERSION = YES;
				CLANG_WARN_INFINITE_RECURSION = YES;
				CLANG_WARN_INT_CONVERSION = YES;
				CLANG_WARN_NON_LITERAL_NULL_CONVERSION = YES;
				CLANG_WARN_OBJC_IMPLICIT_RETAIN_SELF = YES;
				CLANG_WARN_OBJC_LITERAL_CONVERSION = YES;
				CLANG_WARN_OBJC_ROOT_CLASS = YES_ERROR;
				CLANG_WARN_QUOTED_INCLUDE_IN_FRAMEWORK_HEADER = YES;
				CLANG_WARN_RANGE_LOOP_ANALYSIS = YES;
				CLANG_WARN_STRICT_PROTOTYPES = YES;
				CLANG_WARN_SUSPICIOUS_MOVE = YES;
				CLANG_WARN_UNGUARDED_AVAILABILITY = YES_AGGRESSIVE;
				CLANG_WARN_UNREACHABLE_CODE = YES;
				CLANG_WARN__DUPLICATE_METHOD_MATCH = YES;
				COPY_PHASE_STRIP = NO;
				DEBUG_INFORMATION_FORMAT = "dwarf-with-dsym";
				ENABLE_NS_ASSERTIONS = NO;
				ENABLE_STRICT_OBJC_MSGSEND = YES;
				GCC_C_LANGUAGE_STANDARD = gnu11;
				GCC_NO_COMMON_BLOCKS = YES;
				GCC_WARN_64_TO_32_BIT_CONVERSION = YES;
				GCC_WARN_ABOUT_RETURN_TYPE = YES_ERROR;
				GCC_WARN_UNDECLARED_SELECTOR = YES;
				GCC_WARN_UNINITIALIZED_AUTOS = YES_AGGRESSIVE;
				GCC_WARN_UNUSED_FUNCTION = YES;
				GCC_WARN_UNUSED_VARIABLE = YES;
				IPHONEOS_DEPLOYMENT_TARGET = 16.2;
				MTL_ENABLE_DEBUG_INFO = NO;
				MTL_FAST_MATH = YES;
				SDKROOT = iphoneos;
				SWIFT_COMPILATION_MODE = wholemodule;
				SWIFT_OPTIMIZATION_LEVEL = "-O";
				VALIDATE_PRODUCT = YES;
			};
			name = Release;
		};
		4CEA9C4B29B2FC7D006FABA3 /* Debug */ = {
			isa = XCBuildConfiguration;
			baseConfigurationReference = A2CC0B22267EDB8AF6556280 /* Pods-LittlePink.debug.xcconfig */;
			buildSettings = {
				ASSETCATALOG_COMPILER_APPICON_NAME = AppIcon;
				ASSETCATALOG_COMPILER_GLOBAL_ACCENT_COLOR_NAME = AccentColor;
				ASSETCATALOG_COMPILER_INCLUDE_ALL_APPICON_ASSETS = NO;
				CODE_SIGN_STYLE = Automatic;
				CURRENT_PROJECT_VERSION = 1;
				DEVELOPMENT_TEAM = S37CWSV96M;
				GENERATE_INFOPLIST_FILE = YES;
				INFOPLIST_FILE = LittlePink/Info.plist;
				INFOPLIST_KEY_UIApplicationSupportsIndirectInputEvents = YES;
				INFOPLIST_KEY_UILaunchStoryboardName = LaunchScreen.storyboard;
				INFOPLIST_KEY_UIMainStoryboardFile = Main;
				INFOPLIST_KEY_UIRequiresFullScreen = NO;
				INFOPLIST_KEY_UIStatusBarStyle = "";
				INFOPLIST_KEY_UISupportedInterfaceOrientations = UIInterfaceOrientationPortrait;
				IPHONEOS_DEPLOYMENT_TARGET = 15.0;
				LD_RUNPATH_SEARCH_PATHS = (
					"$(inherited)",
					"@executable_path/Frameworks",
				);
				MARKETING_VERSION = 1.0;
				PRODUCT_BUNDLE_IDENTIFIER = com.test.LittlePink;
				PRODUCT_NAME = "$(TARGET_NAME)";
				SUPPORTED_PLATFORMS = "iphoneos iphonesimulator";
				SUPPORTS_MACCATALYST = NO;
				SUPPORTS_MAC_DESIGNED_FOR_IPHONE_IPAD = NO;
				SWIFT_EMIT_LOC_STRINGS = YES;
				SWIFT_VERSION = 5.0;
				TARGETED_DEVICE_FAMILY = "1,2";
			};
			name = Debug;
		};
		4CEA9C4C29B2FC7D006FABA3 /* Release */ = {
			isa = XCBuildConfiguration;
			baseConfigurationReference = 84DB6E2824973BC175977666 /* Pods-LittlePink.release.xcconfig */;
			buildSettings = {
				ASSETCATALOG_COMPILER_APPICON_NAME = AppIcon;
				ASSETCATALOG_COMPILER_GLOBAL_ACCENT_COLOR_NAME = AccentColor;
				ASSETCATALOG_COMPILER_INCLUDE_ALL_APPICON_ASSETS = NO;
				CODE_SIGN_STYLE = Automatic;
				CURRENT_PROJECT_VERSION = 1;
				DEVELOPMENT_TEAM = S37CWSV96M;
				GENERATE_INFOPLIST_FILE = YES;
				INFOPLIST_FILE = LittlePink/Info.plist;
				INFOPLIST_KEY_UIApplicationSupportsIndirectInputEvents = YES;
				INFOPLIST_KEY_UILaunchStoryboardName = LaunchScreen.storyboard;
				INFOPLIST_KEY_UIMainStoryboardFile = Main;
				INFOPLIST_KEY_UIRequiresFullScreen = NO;
				INFOPLIST_KEY_UIStatusBarStyle = "";
				INFOPLIST_KEY_UISupportedInterfaceOrientations = UIInterfaceOrientationPortrait;
				IPHONEOS_DEPLOYMENT_TARGET = 15.0;
				LD_RUNPATH_SEARCH_PATHS = (
					"$(inherited)",
					"@executable_path/Frameworks",
				);
				MARKETING_VERSION = 1.0;
				PRODUCT_BUNDLE_IDENTIFIER = com.test.LittlePink;
				PRODUCT_NAME = "$(TARGET_NAME)";
				SUPPORTED_PLATFORMS = "iphoneos iphonesimulator";
				SUPPORTS_MACCATALYST = NO;
				SUPPORTS_MAC_DESIGNED_FOR_IPHONE_IPAD = NO;
				SWIFT_EMIT_LOC_STRINGS = YES;
				SWIFT_VERSION = 5.0;
				TARGETED_DEVICE_FAMILY = "1,2";
			};
			name = Release;
		};
/* End XCBuildConfiguration section */

/* Begin XCConfigurationList section */
		4CEA9C2E29B2FC7B006FABA3 /* Build configuration list for PBXProject "LittlePink" */ = {
			isa = XCConfigurationList;
			buildConfigurations = (
				4CEA9C4829B2FC7D006FABA3 /* Debug */,
				4CEA9C4929B2FC7D006FABA3 /* Release */,
			);
			defaultConfigurationIsVisible = 0;
			defaultConfigurationName = Release;
		};
		4CEA9C4A29B2FC7D006FABA3 /* Build configuration list for PBXNativeTarget "LittlePink" */ = {
			isa = XCConfigurationList;
			buildConfigurations = (
				4CEA9C4B29B2FC7D006FABA3 /* Debug */,
				4CEA9C4C29B2FC7D006FABA3 /* Release */,
			);
			defaultConfigurationIsVisible = 0;
			defaultConfigurationName = Release;
		};
/* End XCConfigurationList section */

/* Begin XCVersionGroup section */
		4CEA9C3F29B2FC7B006FABA3 /* LittlePink.xcdatamodeld */ = {
			isa = XCVersionGroup;
			children = (
				4CEA9C4029B2FC7B006FABA3 /* LittlePink.xcdatamodel */,
			);
			currentVersion = 4CEA9C4029B2FC7B006FABA3 /* LittlePink.xcdatamodel */;
			path = LittlePink.xcdatamodeld;
			sourceTree = "<group>";
			versionGroupType = wrapper.xcdatamodel;
		};
/* End XCVersionGroup section */
	};
	rootObject = 4CEA9C2B29B2FC7B006FABA3 /* Project object */;
}
